dependencies:
  '@types/node': 12.12.14
  apollo-engine-reporting-protobuf: 0.4.4
  typescript: 3.7.2
lockfileVersion: 5.1
packages:
  /@apollo/protobufjs/1.0.3:
    dependencies:
      '@protobufjs/aspromise': 1.1.2
      '@protobufjs/base64': 1.1.2
      '@protobufjs/codegen': 2.0.4
      '@protobufjs/eventemitter': 1.1.0
      '@protobufjs/fetch': 1.1.0
      '@protobufjs/float': 1.0.2
      '@protobufjs/inquire': 1.1.0
      '@protobufjs/path': 1.1.2
      '@protobufjs/pool': 1.1.0
      '@protobufjs/utf8': 1.1.0
      '@types/long': 4.0.0
      '@types/node': 10.17.6
      long: 4.0.0
    dev: false
    hasBin: true
    requiresBuild: true
    resolution:
      integrity: sha512-gqeT810Ect9WIqsrgfUvr+ljSB5m1PyBae9HGdrRyQ3HjHjTcjVvxpsMYXlUk4rUHnrfUqyoGvLSy2yLlRGEOw==
  /@protobufjs/aspromise/1.1.2:
    dev: false
    resolution:
      integrity: sha1-m4sMxmPWaafY9vXQiToU00jzD78=
  /@protobufjs/base64/1.1.2:
    dev: false
    resolution:
      integrity: sha512-AZkcAA5vnN/v4PDqKyMR5lx7hZttPDgClv83E//FMNhR2TMcLUhfRUBHCmSl0oi9zMgDDqRUJkSxO3wm85+XLg==
  /@protobufjs/codegen/2.0.4:
    dev: false
    resolution:
      integrity: sha512-YyFaikqM5sH0ziFZCN3xDC7zeGaB/d0IUb9CATugHWbd1FRFwWwt4ld4OYMPWu5a3Xe01mGAULCdqhMlPl29Jg==
  /@protobufjs/eventemitter/1.1.0:
    dev: false
    resolution:
      integrity: sha1-NVy8mLr61ZePntCV85diHx0Ga3A=
  /@protobufjs/fetch/1.1.0:
    dependencies:
      '@protobufjs/aspromise': 1.1.2
      '@protobufjs/inquire': 1.1.0
    dev: false
    resolution:
      integrity: sha1-upn7WYYUr2VwDBYZ/wbUVLDYTEU=
  /@protobufjs/float/1.0.2:
    dev: false
    resolution:
      integrity: sha1-Xp4avctz/Ap8uLKR33jIy9l7h9E=
  /@protobufjs/inquire/1.1.0:
    dev: false
    resolution:
      integrity: sha1-/yAOPnzyQp4tyvwRQIKOjMY48Ik=
  /@protobufjs/path/1.1.2:
    dev: false
    resolution:
      integrity: sha1-bMKyDFya1q0NzP0hynZz2Nf79o0=
  /@protobufjs/pool/1.1.0:
    dev: false
    resolution:
      integrity: sha1-Cf0V8tbTq/qbZbw2ZQbWrXhG/1Q=
  /@protobufjs/utf8/1.1.0:
    dev: false
    resolution:
      integrity: sha1-p3c2C1s5oaLlEG+OhY8v0tBgxXA=
  /@types/long/4.0.0:
    dev: false
    resolution:
      integrity: sha512-1w52Nyx4Gq47uuu0EVcsHBxZFJgurQ+rTKS3qMHxR1GY2T8c2AJYd6vZoZ9q1rupaDjU0yT+Jc2XTyXkjeMA+Q==
  /@types/node/10.17.6:
    dev: false
    resolution:
      integrity: sha512-0a2X6cgN3RdPBL2MIlR6Lt0KlM7fOFsutuXcdglcOq6WvLnYXgPQSh0Mx6tO1KCAE8MxbHSOSTWDoUxRq+l3DA==
  /@types/node/12.12.14:
    dev: false
    resolution:
      integrity: sha512-u/SJDyXwuihpwjXy7hOOghagLEV1KdAST6syfnOk6QZAMzZuWZqXy5aYYZbh8Jdpd4escVFP0MvftHNDb9pruA==
  /apollo-engine-reporting-protobuf/0.4.4:
    dependencies:
      '@apollo/protobufjs': 1.0.3
    dev: false
    resolution:
      integrity: sha512-SGrIkUR7Q/VjU8YG98xcvo340C4DaNUhg/TXOtGsMlfiJDzHwVau/Bv6zifAzBafp2lj0XND6Daj5kyT/eSI/w==
  /long/4.0.0:
    dev: false
    resolution:
      integrity: sha512-XsP+KhQif4bjX1kbuSiySJFNAehNxgLb6hPRGJ9QsUr8ajHkuXGdrHmFUTUUXhDwVX2R5bY4JNZEwbUiMhV+MA==
  /typescript/3.7.2:
    dev: false
    engines:
      node: '>=4.2.0'
    hasBin: true
    resolution:
      integrity: sha512-ml7V7JfiN2Xwvcer+XAf2csGO1bPBdRbFCkYBczNZggrBZ9c7G3riSUeJmqEU5uOtXNPMhE3n+R4FA/3YOAWOQ==
specifiers:
  '@types/node': 12.12.14
  apollo-engine-reporting-protobuf: 0.4.4
  typescript: 3.7.2
